<Solution>
  <Folder Name="/Task0/">
    <Project Path="Tyuiu.SklyarovAM.Sprint5.Task0.V7.Lib/Tyuiu.SklyarovAM.Sprint5.Task0.V7.Lib.csproj" />
    <Project Path="Tyuiu.SklyarovAM.Sprint5.Task0.V7.Test/Tyuiu.SklyarovAM.Sprint5.Task0.V7.Test.csproj" />
    <Project Path="Tyuiu.SklyarovAM.Sprint5.Task0.V7/Tyuiu.SklyarovAM.Sprint5.Task0.V7.csproj" />
  </Folder>
</Solution>
